
Microsoft Visual Studio Solution File, Format Version 12.00
# Visual Studio Version 17
VisualStudioVersion = 17.4.33205.214
MinimumVisualStudioVersion = 10.0.40219.1
Project("{8BC9CEB8-8B4A-11D0-8D11-00A0C91BC942}") = "o-s-adventure", "o-s-adventure.vcxproj", "{FA311E93-56FE-48C4-AFC1-589591AA1217}"
EndProject
Global
	GlobalSection(SolutionConfigurationPlatforms) = preSolution
		Debug|x64 = Debug|x64
		Debug|x86 = Debug|x86
		Release|x64 = Release|x64
		Release|x86 = Release|x86
	EndGlobalSection
	GlobalSection(ProjectConfigurationPlatforms) = postSolution
		{FA311E93-56FE-48C4-AFC1-589591AA1217}.Debug|x64.ActiveCfg = Debug|x64
		{FA311E93-56FE-48C4-AFC1-589591AA1217}.Debug|x64.Build.0 = Debug|x64
		{FA311E93-56FE-48C4-AFC1-589591AA1217}.Debug|x86.ActiveCfg = Debug|Win32
		{FA311E93-56FE-48C4-AFC1-589591AA1217}.Debug|x86.Build.0 = Debug|Win32
		{FA311E93-56FE-48C4-AFC1-589591AA1217}.Release|x64.ActiveCfg = Release|x64
		{FA311E93-56FE-48C4-AFC1-589591AA1217}.Release|x64.Build.0 = Release|x64
		{FA311E93-56FE-48C4-AFC1-589591AA1217}.Release|x86.ActiveCfg = Release|Win32
		{FA311E93-56FE-48C4-AFC1-589591AA1217}.Release|x86.Build.0 = Release|Win32
	EndGlobalSection
	GlobalSection(SolutionProperties) = preSolution
		HideSolutionNode = FALSE
	EndGlobalSection
	GlobalSection(ExtensibilityGlobals) = postSolution
		SolutionGuid = {F5789DF4-4DFA-4CA8-8C68-C68E225FA309}
	EndGlobalSection
EndGlobal
